// !$*UTF8*$!
{
	archiveVersion = 1;
	classes = {
	};
	objectVersion = 51;
	objects = {

/* Begin PBXBuildFile section */
		0519CB3D70A2368B83BB2EC0 /* BaseRequest.swift in Sources */ = {isa = PBXBuildFile; fileRef = 4FE9472AF15E0564D5EA84AF /* BaseRequest.swift */; };
		0FACFC09DECB9B9C809577C9 /* MapsViewModel.swift in Sources */ = {isa = PBXBuildFile; fileRef = 0139F849E0DC724A2FB5FD51 /* MapsViewModel.swift */; };
		1343EB7FD23D6420498ED6FF /* EditProfileViewController.xib in Resources */ = {isa = PBXBuildFile; fileRef = 748BF6636BFFAB92514A30B8 /* EditProfileViewController.xib */; };
		27671FD429024AFBC8B7C4FC /* BooksHomescreenCollectionViewCell.swift in Sources */ = {isa = PBXBuildFile; fileRef = 4FED91248F341C7BF950ABB8 /* BooksHomescreenCollectionViewCell.swift */; };
		371BA2AB1D876175517F0C3E /* EditProfileViewController.swift in Sources */ = {isa = PBXBuildFile; fileRef = F4B53AB930CB0023D34DA531 /* EditProfileViewController.swift */; };
		38EAD1BD0E68BF3D7EC2BF47 /* SceneDelegate.swift in Sources */ = {isa = PBXBuildFile; fileRef = 0BB9C5A15209D76380F12FDE /* SceneDelegate.swift */; };
		3E5B7563A59C3A4FF7D89F57 /* XIBConstant.swift in Sources */ = {isa = PBXBuildFile; fileRef = 1BB78C1AD0E7EF5B9021C332 /* XIBConstant.swift */; };
		4BA9DB4139D3CE5F654CE7A8 /* UIView+cornerRadius.swift in Sources */ = {isa = PBXBuildFile; fileRef = 37745B033D1F79389E637F92 /* UIView+cornerRadius.swift */; };
		4C739B626D3946EDF0E82778 /* UIView+loadViewFromNib.swift in Sources */ = {isa = PBXBuildFile; fileRef = F6A3CB00E3FC319BA8430B49 /* UIView+loadViewFromNib.swift */; };
		4F605B67D58A70437688ECD2 /* InsertBookToLenderCatalogueViewController.swift in Sources */ = {isa = PBXBuildFile; fileRef = 6A0BB1F2566A3E1319FF137C /* InsertBookToLenderCatalogueViewController.swift */; };
		5C2EADF02D1831D81C205024 /* UIView+Extected.swift in Sources */ = {isa = PBXBuildFile; fileRef = 3B0A378F92304A79C8A9472B /* UIView+Extected.swift */; };
		6174578679BCC9B6101B92E0 /* KatalogLenderCollectionViewCell.swift in Sources */ = {isa = PBXBuildFile; fileRef = 6B768BD3A1F334BAE4C98BFF /* KatalogLenderCollectionViewCell.swift */; };
		6A17203F810453A9A4658CB2 /* Constant.swift in Sources */ = {isa = PBXBuildFile; fileRef = 1A4B6DBFFF549D91E0B8932A /* Constant.swift */; };
		70B65395D17838F6B6C4B723 /* MKMapView+centerToLocation.swift in Sources */ = {isa = PBXBuildFile; fileRef = 906725EAE0AC8DF524AE2661 /* MKMapView+centerToLocation.swift */; };
		7302150916D9131C0B56FC42 /* AddressMapsView.xib in Resources */ = {isa = PBXBuildFile; fileRef = 12070EB467C78FF064A1F339 /* AddressMapsView.xib */; };
		755D44D698CE8F981EB74F50 /* ProfileViewController.xib in Resources */ = {isa = PBXBuildFile; fileRef = 08B064F78BD704540E2BBFD6 /* ProfileViewController.xib */; };
		7E30B85E37CAFAE81BAD239C /* LaunchScreen.storyboard in Resources */ = {isa = PBXBuildFile; fileRef = A88928BFB8F3D2155A9ECE41 /* LaunchScreen.storyboard */; };
		81B942D54A67F62827BC501D /* ProfileViewController.swift in Sources */ = {isa = PBXBuildFile; fileRef = C03666B11649344BDE9A28B1 /* ProfileViewController.swift */; };
		8E0BCE20B25F7F6ECE4E7325 /* DetailBooksViewController.xib in Resources */ = {isa = PBXBuildFile; fileRef = 6B0E995ED8E315BB0E345946 /* DetailBooksViewController.xib */; };
		91BDE4416810989846EC6296 /* LocationManager.swift in Sources */ = {isa = PBXBuildFile; fileRef = 876724C06686666253BF5725 /* LocationManager.swift */; };
		9295E24253BA3CB7E6C32665 /* AppDelegate.swift in Sources */ = {isa = PBXBuildFile; fileRef = 6C640B6AF46A23B1BD9E5A1E /* AppDelegate.swift */; };
		A546E5470780ED916662E9DB /* Assets.xcassets in Resources */ = {isa = PBXBuildFile; fileRef = 85A38057B0B03D158512EAE3 /* Assets.xcassets */; };
		AE1221D63405E44D18D9FD7A /* DetailBooksViewController.swift in Sources */ = {isa = PBXBuildFile; fileRef = DE70FA537B17161319FC41B8 /* DetailBooksViewController.swift */; };
		B6829D7AE555FE2DE5D5204A /* MapsViewController.swift in Sources */ = {isa = PBXBuildFile; fileRef = D8D3F6CA1768C73EBAAB8435 /* MapsViewController.swift */; };
		BFFA984A503BA76BDAF284AC /* BooksViewController.swift in Sources */ = {isa = PBXBuildFile; fileRef = 354FA11E31D7A45A9196E4B2 /* BooksViewController.swift */; };
		D32C64F5D5A672B756DBDF8B /* MapsViewController.xib in Resources */ = {isa = PBXBuildFile; fileRef = CC78AEFEA926433E48F0F8E6 /* MapsViewController.xib */; };
		D872711A24530F2899220077 /* BooksViewController.xib in Resources */ = {isa = PBXBuildFile; fileRef = 07E248C4DC1D4893FFDA1E91 /* BooksViewController.xib */; };
		DF39D2C10B79AFDFE7943152 /* InsertBookToLenderCatalogueViewController.xib in Resources */ = {isa = PBXBuildFile; fileRef = 6CBD50A98250EBE50EDA30B9 /* InsertBookToLenderCatalogueViewController.xib */; };
		F0F2A6BE4DDB7733098F4793 /* KatalogLenderCollectionViewCell.xib in Resources */ = {isa = PBXBuildFile; fileRef = ECC7D1B72F71E6343942E64C /* KatalogLenderCollectionViewCell.xib */; };
		F307DCFFEAD67ADBEE3C7EEE /* Pods_Peek_a_Book.framework in Frameworks */ = {isa = PBXBuildFile; fileRef = E77C0951EEDEC1DCBD7A8014 /* Pods_Peek_a_Book.framework */; };
		F9DFC4154F5B5DBC0BBD4D80 /* RootViewController.swift in Sources */ = {isa = PBXBuildFile; fileRef = D95737498464DFC8B2209025 /* RootViewController.swift */; };
		FE0B32D7AE9AF056E048ED2A /* BooksHomescreenCollectionViewCell.xib in Resources */ = {isa = PBXBuildFile; fileRef = 4896D0AE3E35756875F19D7E /* BooksHomescreenCollectionViewCell.xib */; };
		FE1DFAEC0BF66790E2E106D5 /* AddressMapsView.swift in Sources */ = {isa = PBXBuildFile; fileRef = 5E60A5CC03B3300F9A9628C5 /* AddressMapsView.swift */; };
/* End PBXBuildFile section */

/* Begin PBXFileReference section */
		0139F849E0DC724A2FB5FD51 /* MapsViewModel.swift */ = {isa = PBXFileReference; lastKnownFileType = sourcecode.swift; path = MapsViewModel.swift; sourceTree = "<group>"; };
		07E248C4DC1D4893FFDA1E91 /* BooksViewController.xib */ = {isa = PBXFileReference; lastKnownFileType = file.xib; path = BooksViewController.xib; sourceTree = "<group>"; };
		08B064F78BD704540E2BBFD6 /* ProfileViewController.xib */ = {isa = PBXFileReference; lastKnownFileType = file.xib; path = ProfileViewController.xib; sourceTree = "<group>"; };
		0BB9C5A15209D76380F12FDE /* SceneDelegate.swift */ = {isa = PBXFileReference; lastKnownFileType = sourcecode.swift; path = SceneDelegate.swift; sourceTree = "<group>"; };
		12070EB467C78FF064A1F339 /* AddressMapsView.xib */ = {isa = PBXFileReference; lastKnownFileType = file.xib; path = AddressMapsView.xib; sourceTree = "<group>"; };
		164A3DB0B1989680AF8FD4D9 /* Base */ = {isa = PBXFileReference; lastKnownFileType = file.storyboard; name = Base; path = Base.lproj/LaunchScreen.storyboard; sourceTree = "<group>"; };
		1A4B6DBFFF549D91E0B8932A /* Constant.swift */ = {isa = PBXFileReference; lastKnownFileType = sourcecode.swift; path = Constant.swift; sourceTree = "<group>"; };
		1A70BFBA78B0A35FD44B0F02 /* Peek-a-Book.app */ = {isa = PBXFileReference; includeInIndex = 0; lastKnownFileType = wrapper.application; path = "Peek-a-Book.app"; sourceTree = BUILT_PRODUCTS_DIR; };
		1BB78C1AD0E7EF5B9021C332 /* XIBConstant.swift */ = {isa = PBXFileReference; lastKnownFileType = sourcecode.swift; path = XIBConstant.swift; sourceTree = "<group>"; };
		3393B870391A62F5F35CB4AD /* Info.plist */ = {isa = PBXFileReference; lastKnownFileType = text.plist; path = Info.plist; sourceTree = "<group>"; };
		354FA11E31D7A45A9196E4B2 /* BooksViewController.swift */ = {isa = PBXFileReference; lastKnownFileType = sourcecode.swift; path = BooksViewController.swift; sourceTree = "<group>"; };
		37745B033D1F79389E637F92 /* UIView+cornerRadius.swift */ = {isa = PBXFileReference; lastKnownFileType = sourcecode.swift; path = "UIView+cornerRadius.swift"; sourceTree = "<group>"; };
		3B0A378F92304A79C8A9472B /* UIView+Extected.swift */ = {isa = PBXFileReference; lastKnownFileType = sourcecode.swift; path = "UIView+Extected.swift"; sourceTree = "<group>"; };
		4896D0AE3E35756875F19D7E /* BooksHomescreenCollectionViewCell.xib */ = {isa = PBXFileReference; lastKnownFileType = file.xib; path = BooksHomescreenCollectionViewCell.xib; sourceTree = "<group>"; };
		4FE9472AF15E0564D5EA84AF /* BaseRequest.swift */ = {isa = PBXFileReference; lastKnownFileType = sourcecode.swift; path = BaseRequest.swift; sourceTree = "<group>"; };
		4FED91248F341C7BF950ABB8 /* BooksHomescreenCollectionViewCell.swift */ = {isa = PBXFileReference; lastKnownFileType = sourcecode.swift; path = BooksHomescreenCollectionViewCell.swift; sourceTree = "<group>"; };
		5E60A5CC03B3300F9A9628C5 /* AddressMapsView.swift */ = {isa = PBXFileReference; lastKnownFileType = sourcecode.swift; path = AddressMapsView.swift; sourceTree = "<group>"; };
		6A0BB1F2566A3E1319FF137C /* InsertBookToLenderCatalogueViewController.swift */ = {isa = PBXFileReference; lastKnownFileType = sourcecode.swift; path = InsertBookToLenderCatalogueViewController.swift; sourceTree = "<group>"; };
		6B0E995ED8E315BB0E345946 /* DetailBooksViewController.xib */ = {isa = PBXFileReference; lastKnownFileType = file.xib; path = DetailBooksViewController.xib; sourceTree = "<group>"; };
		6B768BD3A1F334BAE4C98BFF /* KatalogLenderCollectionViewCell.swift */ = {isa = PBXFileReference; lastKnownFileType = sourcecode.swift; path = KatalogLenderCollectionViewCell.swift; sourceTree = "<group>"; };
		6C640B6AF46A23B1BD9E5A1E /* AppDelegate.swift */ = {isa = PBXFileReference; lastKnownFileType = sourcecode.swift; path = AppDelegate.swift; sourceTree = "<group>"; };
		6CBD50A98250EBE50EDA30B9 /* InsertBookToLenderCatalogueViewController.xib */ = {isa = PBXFileReference; lastKnownFileType = file.xib; path = InsertBookToLenderCatalogueViewController.xib; sourceTree = "<group>"; };
		748BF6636BFFAB92514A30B8 /* EditProfileViewController.xib */ = {isa = PBXFileReference; lastKnownFileType = file.xib; path = EditProfileViewController.xib; sourceTree = "<group>"; };
		7CD9FC7D88B1E8E0C691AF96 /* Pods-Peek-a-Book.debug.xcconfig */ = {isa = PBXFileReference; includeInIndex = 1; lastKnownFileType = text.xcconfig; name = "Pods-Peek-a-Book.debug.xcconfig"; path = "Target Support Files/Pods-Peek-a-Book/Pods-Peek-a-Book.debug.xcconfig"; sourceTree = "<group>"; };
		8202087BBEBD9CAA5A84EF00 /* Pods-Peek-a-Book.test.xcconfig */ = {isa = PBXFileReference; includeInIndex = 1; lastKnownFileType = text.xcconfig; name = "Pods-Peek-a-Book.test.xcconfig"; path = "Target Support Files/Pods-Peek-a-Book/Pods-Peek-a-Book.test.xcconfig"; sourceTree = "<group>"; };
		85A38057B0B03D158512EAE3 /* Assets.xcassets */ = {isa = PBXFileReference; lastKnownFileType = folder.assetcatalog; path = Assets.xcassets; sourceTree = "<group>"; };
		876724C06686666253BF5725 /* LocationManager.swift */ = {isa = PBXFileReference; lastKnownFileType = sourcecode.swift; path = LocationManager.swift; sourceTree = "<group>"; };
		88724B14DD66174F0A8BA75D /* Pods-Peek-a-Book.integ.xcconfig */ = {isa = PBXFileReference; includeInIndex = 1; lastKnownFileType = text.xcconfig; name = "Pods-Peek-a-Book.integ.xcconfig"; path = "Target Support Files/Pods-Peek-a-Book/Pods-Peek-a-Book.integ.xcconfig"; sourceTree = "<group>"; };
		906725EAE0AC8DF524AE2661 /* MKMapView+centerToLocation.swift */ = {isa = PBXFileReference; lastKnownFileType = sourcecode.swift; path = "MKMapView+centerToLocation.swift"; sourceTree = "<group>"; };
		C03666B11649344BDE9A28B1 /* ProfileViewController.swift */ = {isa = PBXFileReference; lastKnownFileType = sourcecode.swift; path = ProfileViewController.swift; sourceTree = "<group>"; };
		CC78AEFEA926433E48F0F8E6 /* MapsViewController.xib */ = {isa = PBXFileReference; lastKnownFileType = file.xib; path = MapsViewController.xib; sourceTree = "<group>"; };
		D8D3F6CA1768C73EBAAB8435 /* MapsViewController.swift */ = {isa = PBXFileReference; lastKnownFileType = sourcecode.swift; path = MapsViewController.swift; sourceTree = "<group>"; };
		D95737498464DFC8B2209025 /* RootViewController.swift */ = {isa = PBXFileReference; lastKnownFileType = sourcecode.swift; path = RootViewController.swift; sourceTree = "<group>"; };
		DE70FA537B17161319FC41B8 /* DetailBooksViewController.swift */ = {isa = PBXFileReference; lastKnownFileType = sourcecode.swift; path = DetailBooksViewController.swift; sourceTree = "<group>"; };
		E77C0951EEDEC1DCBD7A8014 /* Pods_Peek_a_Book.framework */ = {isa = PBXFileReference; explicitFileType = wrapper.framework; includeInIndex = 0; path = Pods_Peek_a_Book.framework; sourceTree = BUILT_PRODUCTS_DIR; };
		ECC7D1B72F71E6343942E64C /* KatalogLenderCollectionViewCell.xib */ = {isa = PBXFileReference; lastKnownFileType = file.xib; path = KatalogLenderCollectionViewCell.xib; sourceTree = "<group>"; };
		F4B53AB930CB0023D34DA531 /* EditProfileViewController.swift */ = {isa = PBXFileReference; lastKnownFileType = sourcecode.swift; path = EditProfileViewController.swift; sourceTree = "<group>"; };
		F6A3CB00E3FC319BA8430B49 /* UIView+loadViewFromNib.swift */ = {isa = PBXFileReference; lastKnownFileType = sourcecode.swift; path = "UIView+loadViewFromNib.swift"; sourceTree = "<group>"; };
		F6EF749C7DF893280B21A4F2 /* Pods-Peek-a-Book.release.xcconfig */ = {isa = PBXFileReference; includeInIndex = 1; lastKnownFileType = text.xcconfig; name = "Pods-Peek-a-Book.release.xcconfig"; path = "Target Support Files/Pods-Peek-a-Book/Pods-Peek-a-Book.release.xcconfig"; sourceTree = "<group>"; };
/* End PBXFileReference section */

/* Begin PBXFrameworksBuildPhase section */
		7E236801BBF2C11EFBCE3EE7 /* Frameworks */ = {
			isa = PBXFrameworksBuildPhase;
			buildActionMask = 2147483647;
			files = (
				F307DCFFEAD67ADBEE3C7EEE /* Pods_Peek_a_Book.framework in Frameworks */,
			);
			runOnlyForDeploymentPostprocessing = 0;
		};
/* End PBXFrameworksBuildPhase section */

/* Begin PBXGroup section */
		06DC4A08041CC695F6311F55 /* Network */ = {
			isa = PBXGroup;
			children = (
				4FE9472AF15E0564D5EA84AF /* BaseRequest.swift */,
			);
			path = Network;
			sourceTree = "<group>";
		};
		14C2CC63D7D6DF2CCBC7B064 /* Books */ = {
			isa = PBXGroup;
			children = (
				5585B75395283419BC6252A4 /* View */,
				D12B3343B399C7A8C888DF31 /* ViewController */,
			);
			path = Books;
			sourceTree = "<group>";
		};
		2277574FDEB3D2C53024A33E /* ViewModel */ = {
			isa = PBXGroup;
			children = (
				0139F849E0DC724A2FB5FD51 /* MapsViewModel.swift */,
			);
			path = ViewModel;
			sourceTree = "<group>";
		};
		3AEB20A57A50E97C80C135F4 /* View */ = {
			isa = PBXGroup;
			children = (
				4896D0AE3E35756875F19D7E /* BooksHomescreenCollectionViewCell.xib */,
				ECC7D1B72F71E6343942E64C /* KatalogLenderCollectionViewCell.xib */,
			);
			path = View;
			sourceTree = "<group>";
		};
		3F0B72FA7621DBE47F38C021 /* ViewController */ = {
			isa = PBXGroup;
			children = (
				5E60A5CC03B3300F9A9628C5 /* AddressMapsView.swift */,
				D8D3F6CA1768C73EBAAB8435 /* MapsViewController.swift */,
			);
			path = ViewController;
			sourceTree = "<group>";
		};
		423F407F0019950F97C81626 /* Pods */ = {
			isa = PBXGroup;
			children = (
				7CD9FC7D88B1E8E0C691AF96 /* Pods-Peek-a-Book.debug.xcconfig */,
				F6EF749C7DF893280B21A4F2 /* Pods-Peek-a-Book.release.xcconfig */,
				88724B14DD66174F0A8BA75D /* Pods-Peek-a-Book.integ.xcconfig */,
				8202087BBEBD9CAA5A84EF00 /* Pods-Peek-a-Book.test.xcconfig */,
			);
			name = Pods;
			path = Pods;
			sourceTree = "<group>";
		};
		4A54DF58CF1CF33973F1A0EC /* Frameworks */ = {
			isa = PBXGroup;
			children = (
				E77C0951EEDEC1DCBD7A8014 /* Pods_Peek_a_Book.framework */,
			);
			name = Frameworks;
			sourceTree = "<group>";
		};
		520995FC5E47D5D9DC75225A /* Helper */ = {
			isa = PBXGroup;
			children = (
				1A4B6DBFFF549D91E0B8932A /* Constant.swift */,
				876724C06686666253BF5725 /* LocationManager.swift */,
				3B0A378F92304A79C8A9472B /* UIView+Extected.swift */,
				1BB78C1AD0E7EF5B9021C332 /* XIBConstant.swift */,
				EB49D2F2E61DC5549B40C948 /* Extension */,
			);
			path = Helper;
			sourceTree = "<group>";
		};
		5585B75395283419BC6252A4 /* View */ = {
			isa = PBXGroup;
			children = (
				07E248C4DC1D4893FFDA1E91 /* BooksViewController.xib */,
				6B0E995ED8E315BB0E345946 /* DetailBooksViewController.xib */,
				6CBD50A98250EBE50EDA30B9 /* InsertBookToLenderCatalogueViewController.xib */,
			);
			path = View;
			sourceTree = "<group>";
		};
		5C4E07700390CB63A839210C /* Vendor */ = {
			isa = PBXGroup;
			children = (
				06DC4A08041CC695F6311F55 /* Network */,
			);
			path = Vendor;
			sourceTree = "<group>";
		};
		6D3B9DA7EC887FF5D8AF9544 /* Module */ = {
			isa = PBXGroup;
			children = (
				14C2CC63D7D6DF2CCBC7B064 /* Books */,
				98CC6ABCFD9525D6866C5EDD /* Maps */,
				CCFE9FF4809EC35BF8D4DAD6 /* Profile */,
				F07BB1864B47FAB5B6909E65 /* ReusableView */,
			);
			path = Module;
			sourceTree = "<group>";
		};
		8057036E4A8E01018AFB7810 = {
			isa = PBXGroup;
			children = (
				F0DB6B1B402CD38985A6F246 /* Peek-a-Book */,
				93A37A52ADFCFE884332BB36 /* Products */,
				423F407F0019950F97C81626 /* Pods */,
				4A54DF58CF1CF33973F1A0EC /* Frameworks */,
			);
			indentWidth = 4;
			sourceTree = "<group>";
			tabWidth = 4;
		};
		84361637DE505467325730CC /* ViewController */ = {
			isa = PBXGroup;
			children = (
				F4B53AB930CB0023D34DA531 /* EditProfileViewController.swift */,
				C03666B11649344BDE9A28B1 /* ProfileViewController.swift */,
			);
			path = ViewController;
			sourceTree = "<group>";
		};
		93A37A52ADFCFE884332BB36 /* Products */ = {
			isa = PBXGroup;
			children = (
				1A70BFBA78B0A35FD44B0F02 /* Peek-a-Book.app */,
			);
			name = Products;
			sourceTree = "<group>";
		};
		9591A3A39C60D6DF26FF19D8 /* View */ = {
			isa = PBXGroup;
			children = (
				748BF6636BFFAB92514A30B8 /* EditProfileViewController.xib */,
				08B064F78BD704540E2BBFD6 /* ProfileViewController.xib */,
			);
			path = View;
			sourceTree = "<group>";
		};
		98CC6ABCFD9525D6866C5EDD /* Maps */ = {
			isa = PBXGroup;
			children = (
				AC76319AFFC014C14449B873 /* View */,
				3F0B72FA7621DBE47F38C021 /* ViewController */,
				2277574FDEB3D2C53024A33E /* ViewModel */,
			);
			path = Maps;
			sourceTree = "<group>";
		};
		AC76319AFFC014C14449B873 /* View */ = {
			isa = PBXGroup;
			children = (
				12070EB467C78FF064A1F339 /* AddressMapsView.xib */,
				CC78AEFEA926433E48F0F8E6 /* MapsViewController.xib */,
			);
			path = View;
			sourceTree = "<group>";
		};
		CCFE9FF4809EC35BF8D4DAD6 /* Profile */ = {
			isa = PBXGroup;
			children = (
				9591A3A39C60D6DF26FF19D8 /* View */,
				84361637DE505467325730CC /* ViewController */,
			);
			path = Profile;
			sourceTree = "<group>";
		};
		D12B3343B399C7A8C888DF31 /* ViewController */ = {
			isa = PBXGroup;
			children = (
				354FA11E31D7A45A9196E4B2 /* BooksViewController.swift */,
				DE70FA537B17161319FC41B8 /* DetailBooksViewController.swift */,
				6A0BB1F2566A3E1319FF137C /* InsertBookToLenderCatalogueViewController.swift */,
			);
			path = ViewController;
			sourceTree = "<group>";
		};
		EB49D2F2E61DC5549B40C948 /* Extension */ = {
			isa = PBXGroup;
			children = (
				906725EAE0AC8DF524AE2661 /* MKMapView+centerToLocation.swift */,
				37745B033D1F79389E637F92 /* UIView+cornerRadius.swift */,
				F6A3CB00E3FC319BA8430B49 /* UIView+loadViewFromNib.swift */,
			);
			path = Extension;
			sourceTree = "<group>";
		};
		EC456C5EB81BF312B9886696 /* ViewController */ = {
			isa = PBXGroup;
			children = (
				4FED91248F341C7BF950ABB8 /* BooksHomescreenCollectionViewCell.swift */,
				6B768BD3A1F334BAE4C98BFF /* KatalogLenderCollectionViewCell.swift */,
			);
			path = ViewController;
			sourceTree = "<group>";
		};
		F07BB1864B47FAB5B6909E65 /* ReusableView */ = {
			isa = PBXGroup;
			children = (
				3AEB20A57A50E97C80C135F4 /* View */,
				EC456C5EB81BF312B9886696 /* ViewController */,
			);
			path = ReusableView;
			sourceTree = "<group>";
		};
		F0DB6B1B402CD38985A6F246 /* Peek-a-Book */ = {
			isa = PBXGroup;
			children = (
				6C640B6AF46A23B1BD9E5A1E /* AppDelegate.swift */,
				85A38057B0B03D158512EAE3 /* Assets.xcassets */,
				3393B870391A62F5F35CB4AD /* Info.plist */,
				A88928BFB8F3D2155A9ECE41 /* LaunchScreen.storyboard */,
				D95737498464DFC8B2209025 /* RootViewController.swift */,
				0BB9C5A15209D76380F12FDE /* SceneDelegate.swift */,
				520995FC5E47D5D9DC75225A /* Helper */,
				6D3B9DA7EC887FF5D8AF9544 /* Module */,
				5C4E07700390CB63A839210C /* Vendor */,
			);
			path = "Peek-a-Book";
			sourceTree = "<group>";
		};
/* End PBXGroup section */

/* Begin PBXNativeTarget section */
		E0C4DC48C6CFD4E4F02B46E3 /* Peek-a-Book */ = {
			isa = PBXNativeTarget;
			buildConfigurationList = 089ABBF83833CB8ADB93100D /* Build configuration list for PBXNativeTarget "Peek-a-Book" */;
			buildPhases = (
				BD391005F2CC8F47C0C91CCE /* [CP] Check Pods Manifest.lock */,
				541A820E800507097D1C6342 /* Sources */,
				87EA2CE8C50CBDABE195267A /* Resources */,
				7E236801BBF2C11EFBCE3EE7 /* Frameworks */,
				0D81A7E78A90C16C9337D871 /* [CP] Embed Pods Frameworks */,
			);
			buildRules = (
			);
			dependencies = (
			);
			name = "Peek-a-Book";
			productName = "Peek-a-Book";
			productReference = 1A70BFBA78B0A35FD44B0F02 /* Peek-a-Book.app */;
			productType = "com.apple.product-type.application";
		};
/* End PBXNativeTarget section */

/* Begin PBXProject section */
		41362DB7BD93A0E064227D2D /* Project object */ = {
			isa = PBXProject;
			attributes = {
				LastUpgradeCheck = 1200;
				TargetAttributes = {
				};
			};
			buildConfigurationList = 9BE65FBC136D59C5F47AE8F3 /* Build configuration list for PBXProject "Peek-a-Book" */;
			compatibilityVersion = "Xcode 10.0";
			developmentRegion = en;
			hasScannedForEncodings = 0;
			knownRegions = (
				Base,
				en,
			);
			mainGroup = 8057036E4A8E01018AFB7810;
			productRefGroup = 93A37A52ADFCFE884332BB36 /* Products */;
			projectDirPath = "";
			projectRoot = "";
			targets = (
				E0C4DC48C6CFD4E4F02B46E3 /* Peek-a-Book */,
			);
		};
/* End PBXProject section */

/* Begin PBXResourcesBuildPhase section */
		87EA2CE8C50CBDABE195267A /* Resources */ = {
			isa = PBXResourcesBuildPhase;
			buildActionMask = 2147483647;
			files = (
				7302150916D9131C0B56FC42 /* AddressMapsView.xib in Resources */,
				A546E5470780ED916662E9DB /* Assets.xcassets in Resources */,
				FE0B32D7AE9AF056E048ED2A /* BooksHomescreenCollectionViewCell.xib in Resources */,
				D872711A24530F2899220077 /* BooksViewController.xib in Resources */,
				8E0BCE20B25F7F6ECE4E7325 /* DetailBooksViewController.xib in Resources */,
				1343EB7FD23D6420498ED6FF /* EditProfileViewController.xib in Resources */,
				DF39D2C10B79AFDFE7943152 /* InsertBookToLenderCatalogueViewController.xib in Resources */,
				F0F2A6BE4DDB7733098F4793 /* KatalogLenderCollectionViewCell.xib in Resources */,
				7E30B85E37CAFAE81BAD239C /* LaunchScreen.storyboard in Resources */,
				D32C64F5D5A672B756DBDF8B /* MapsViewController.xib in Resources */,
				755D44D698CE8F981EB74F50 /* ProfileViewController.xib in Resources */,
			);
			runOnlyForDeploymentPostprocessing = 0;
		};
/* End PBXResourcesBuildPhase section */

/* Begin PBXShellScriptBuildPhase section */
		0D81A7E78A90C16C9337D871 /* [CP] Embed Pods Frameworks */ = {
			isa = PBXShellScriptBuildPhase;
			buildActionMask = 2147483647;
			files = (
			);
			inputFileListPaths = (
				"${PODS_ROOT}/Target Support Files/Pods-Peek-a-Book/Pods-Peek-a-Book-frameworks-${CONFIGURATION}-input-files.xcfilelist",
			);
			name = "[CP] Embed Pods Frameworks";
			outputFileListPaths = (
				"${PODS_ROOT}/Target Support Files/Pods-Peek-a-Book/Pods-Peek-a-Book-frameworks-${CONFIGURATION}-output-files.xcfilelist",
			);
			runOnlyForDeploymentPostprocessing = 0;
			shellPath = /bin/sh;
			shellScript = "\"${PODS_ROOT}/Target Support Files/Pods-Peek-a-Book/Pods-Peek-a-Book-frameworks.sh\"\n";
			showEnvVarsInLog = 0;
		};
		BD391005F2CC8F47C0C91CCE /* [CP] Check Pods Manifest.lock */ = {
			isa = PBXShellScriptBuildPhase;
			buildActionMask = 2147483647;
			files = (
			);
			inputFileListPaths = (
			);
			inputPaths = (
				"${PODS_PODFILE_DIR_PATH}/Podfile.lock",
				"${PODS_ROOT}/Manifest.lock",
			);
			name = "[CP] Check Pods Manifest.lock";
			outputFileListPaths = (
			);
			outputPaths = (
				"$(DERIVED_FILE_DIR)/Pods-Peek-a-Book-checkManifestLockResult.txt",
			);
			runOnlyForDeploymentPostprocessing = 0;
			shellPath = /bin/sh;
			shellScript = "diff \"${PODS_PODFILE_DIR_PATH}/Podfile.lock\" \"${PODS_ROOT}/Manifest.lock\" > /dev/null\nif [ $? != 0 ] ; then\n    # print error to STDERR\n    echo \"error: The sandbox is not in sync with the Podfile.lock. Run 'pod install' or update your CocoaPods installation.\" >&2\n    exit 1\nfi\n# This output is used by Xcode 'outputs' to avoid re-running this script phase.\necho \"SUCCESS\" > \"${SCRIPT_OUTPUT_FILE_0}\"\n";
			showEnvVarsInLog = 0;
		};
/* End PBXShellScriptBuildPhase section */

/* Begin PBXSourcesBuildPhase section */
		541A820E800507097D1C6342 /* Sources */ = {
			isa = PBXSourcesBuildPhase;
			buildActionMask = 2147483647;
			files = (
				FE1DFAEC0BF66790E2E106D5 /* AddressMapsView.swift in Sources */,
				9295E24253BA3CB7E6C32665 /* AppDelegate.swift in Sources */,
				0519CB3D70A2368B83BB2EC0 /* BaseRequest.swift in Sources */,
				27671FD429024AFBC8B7C4FC /* BooksHomescreenCollectionViewCell.swift in Sources */,
				BFFA984A503BA76BDAF284AC /* BooksViewController.swift in Sources */,
				6A17203F810453A9A4658CB2 /* Constant.swift in Sources */,
				AE1221D63405E44D18D9FD7A /* DetailBooksViewController.swift in Sources */,
				371BA2AB1D876175517F0C3E /* EditProfileViewController.swift in Sources */,
				4F605B67D58A70437688ECD2 /* InsertBookToLenderCatalogueViewController.swift in Sources */,
				6174578679BCC9B6101B92E0 /* KatalogLenderCollectionViewCell.swift in Sources */,
				91BDE4416810989846EC6296 /* LocationManager.swift in Sources */,
				70B65395D17838F6B6C4B723 /* MKMapView+centerToLocation.swift in Sources */,
				B6829D7AE555FE2DE5D5204A /* MapsViewController.swift in Sources */,
				0FACFC09DECB9B9C809577C9 /* MapsViewModel.swift in Sources */,
				81B942D54A67F62827BC501D /* ProfileViewController.swift in Sources */,
				F9DFC4154F5B5DBC0BBD4D80 /* RootViewController.swift in Sources */,
				38EAD1BD0E68BF3D7EC2BF47 /* SceneDelegate.swift in Sources */,
				5C2EADF02D1831D81C205024 /* UIView+Extected.swift in Sources */,
				4BA9DB4139D3CE5F654CE7A8 /* UIView+cornerRadius.swift in Sources */,
				4C739B626D3946EDF0E82778 /* UIView+loadViewFromNib.swift in Sources */,
				3E5B7563A59C3A4FF7D89F57 /* XIBConstant.swift in Sources */,
			);
			runOnlyForDeploymentPostprocessing = 0;
		};
/* End PBXSourcesBuildPhase section */

/* Begin PBXVariantGroup section */
		A88928BFB8F3D2155A9ECE41 /* LaunchScreen.storyboard */ = {
			isa = PBXVariantGroup;
			children = (
				164A3DB0B1989680AF8FD4D9 /* Base */,
			);
			name = LaunchScreen.storyboard;
			sourceTree = "<group>";
		};
/* End PBXVariantGroup section */

/* Begin XCBuildConfiguration section */
		2604BBDA77FE62328CCFF9B3 /* integ */ = {
			isa = XCBuildConfiguration;
			baseConfigurationReference = 88724B14DD66174F0A8BA75D /* Pods-Peek-a-Book.integ.xcconfig */;
			buildSettings = {
				ASSETCATALOG_COMPILER_APPICON_NAME = AppIcon;
				CODE_SIGN_IDENTITY = "iPhone Developer";
				INFOPLIST_FILE = "Peek-a-Book/Info.plist";
				IPHONEOS_DEPLOYMENT_TARGET = 14.5;
				LD_RUNPATH_SEARCH_PATHS = (
					"$(inherited)",
					"@executable_path/Frameworks",
				);
				PRODUCT_BUNDLE_IDENTIFIER = "com.koweaboo.Peek-a-Book";
				SDKROOT = iphoneos;
				TARGETED_DEVICE_FAMILY = "1,2";
			};
			name = integ;
		};
		8FF31F23C2B1D98E1B8BABA6 /* integ */ = {
			isa = XCBuildConfiguration;
			buildSettings = {
				ALWAYS_SEARCH_USER_PATHS = NO;
				CLANG_ANALYZER_NONNULL = YES;
				CLANG_ANALYZER_NUMBER_OBJECT_CONVERSION = YES_AGGRESSIVE;
				CLANG_CXX_LANGUAGE_STANDARD = "gnu++14";
				CLANG_CXX_LIBRARY = "libc++";
				CLANG_ENABLE_MODULES = YES;
				CLANG_ENABLE_OBJC_ARC = YES;
				CLANG_ENABLE_OBJC_WEAK = YES;
				CLANG_WARN_BLOCK_CAPTURE_AUTORELEASING = YES;
				CLANG_WARN_BOOL_CONVERSION = YES;
				CLANG_WARN_COMMA = YES;
				CLANG_WARN_CONSTANT_CONVERSION = YES;
				CLANG_WARN_DEPRECATED_OBJC_IMPLEMENTATIONS = YES;
				CLANG_WARN_DIRECT_OBJC_ISA_USAGE = YES_ERROR;
				CLANG_WARN_DOCUMENTATION_COMMENTS = YES;
				CLANG_WARN_EMPTY_BODY = YES;
				CLANG_WARN_ENUM_CONVERSION = YES;
				CLANG_WARN_INFINITE_RECURSION = YES;
				CLANG_WARN_INT_CONVERSION = YES;
				CLANG_WARN_NON_LITERAL_NULL_CONVERSION = YES;
				CLANG_WARN_OBJC_IMPLICIT_RETAIN_SELF = YES;
				CLANG_WARN_OBJC_LITERAL_CONVERSION = YES;
				CLANG_WARN_OBJC_ROOT_CLASS = YES_ERROR;
				CLANG_WARN_QUOTED_INCLUDE_IN_FRAMEWORK_HEADER = YES;
				CLANG_WARN_RANGE_LOOP_ANALYSIS = YES;
				CLANG_WARN_STRICT_PROTOTYPES = YES;
				CLANG_WARN_SUSPICIOUS_MOVE = YES;
				CLANG_WARN_UNGUARDED_AVAILABILITY = YES_AGGRESSIVE;
				CLANG_WARN_UNREACHABLE_CODE = YES;
				CLANG_WARN__DUPLICATE_METHOD_MATCH = YES;
				COPY_PHASE_STRIP = NO;
				DEBUG_INFORMATION_FORMAT = dwarf;
				ENABLE_STRICT_OBJC_MSGSEND = YES;
				ENABLE_TESTABILITY = YES;
				GCC_C_LANGUAGE_STANDARD = gnu11;
				GCC_DYNAMIC_NO_PIC = NO;
				GCC_NO_COMMON_BLOCKS = YES;
				GCC_OPTIMIZATION_LEVEL = 0;
				GCC_PREPROCESSOR_DEFINITIONS = (
					"$(inherited)",
					"DEBUG=1",
				);
				GCC_WARN_64_TO_32_BIT_CONVERSION = YES;
				GCC_WARN_ABOUT_RETURN_TYPE = YES_ERROR;
				GCC_WARN_UNDECLARED_SELECTOR = YES;
				GCC_WARN_UNINITIALIZED_AUTOS = YES_AGGRESSIVE;
				GCC_WARN_UNUSED_FUNCTION = YES;
				GCC_WARN_UNUSED_VARIABLE = YES;
				MTL_ENABLE_DEBUG_INFO = INCLUDE_SOURCE;
				MTL_FAST_MATH = YES;
				ONLY_ACTIVE_ARCH = YES;
				PRODUCT_NAME = "$(TARGET_NAME)";
				SDKROOT = iphoneos;
				SWIFT_ACTIVE_COMPILATION_CONDITIONS = DEBUG;
				SWIFT_OPTIMIZATION_LEVEL = "-Onone";
				SWIFT_VERSION = 5.0;
			};
			name = integ;
		};
		AA8E4373C95B3F704A41889B /* Release */ = {
			isa = XCBuildConfiguration;
			baseConfigurationReference = F6EF749C7DF893280B21A4F2 /* Pods-Peek-a-Book.release.xcconfig */;
			buildSettings = {
				ASSETCATALOG_COMPILER_APPICON_NAME = AppIcon;
				CODE_SIGN_IDENTITY = "iPhone Developer";
				INFOPLIST_FILE = "Peek-a-Book/Info.plist";
				IPHONEOS_DEPLOYMENT_TARGET = 14.5;
				LD_RUNPATH_SEARCH_PATHS = (
					"$(inherited)",
					"@executable_path/Frameworks",
				);
				PRODUCT_BUNDLE_IDENTIFIER = "com.koweaboo.Peek-a-Book";
				SDKROOT = iphoneos;
				TARGETED_DEVICE_FAMILY = "1,2";
			};
			name = Release;
		};
		D2836123A1F62CE76296C8B7 /* test */ = {
			isa = XCBuildConfiguration;
			baseConfigurationReference = 8202087BBEBD9CAA5A84EF00 /* Pods-Peek-a-Book.test.xcconfig */;
			buildSettings = {
				ASSETCATALOG_COMPILER_APPICON_NAME = AppIcon;
				CODE_SIGN_IDENTITY = "iPhone Developer";
				INFOPLIST_FILE = "Peek-a-Book/Info.plist";
				IPHONEOS_DEPLOYMENT_TARGET = 14.5;
				LD_RUNPATH_SEARCH_PATHS = (
					"$(inherited)",
					"@executable_path/Frameworks",
				);
				PRODUCT_BUNDLE_IDENTIFIER = "com.koweaboo.Peek-a-Book";
				SDKROOT = iphoneos;
				TARGETED_DEVICE_FAMILY = "1,2";
			};
			name = test;
		};
		D8AA6FDEA57D4825FB0C6378 /* Debug */ = {
			isa = XCBuildConfiguration;
			buildSettings = {
				ALWAYS_SEARCH_USER_PATHS = NO;
				CLANG_ANALYZER_NONNULL = YES;
				CLANG_ANALYZER_NUMBER_OBJECT_CONVERSION = YES_AGGRESSIVE;
				CLANG_CXX_LANGUAGE_STANDARD = "gnu++14";
				CLANG_CXX_LIBRARY = "libc++";
				CLANG_ENABLE_MODULES = YES;
				CLANG_ENABLE_OBJC_ARC = YES;
				CLANG_ENABLE_OBJC_WEAK = YES;
				CLANG_WARN_BLOCK_CAPTURE_AUTORELEASING = YES;
				CLANG_WARN_BOOL_CONVERSION = YES;
				CLANG_WARN_COMMA = YES;
				CLANG_WARN_CONSTANT_CONVERSION = YES;
				CLANG_WARN_DEPRECATED_OBJC_IMPLEMENTATIONS = YES;
				CLANG_WARN_DIRECT_OBJC_ISA_USAGE = YES_ERROR;
				CLANG_WARN_DOCUMENTATION_COMMENTS = YES;
				CLANG_WARN_EMPTY_BODY = YES;
				CLANG_WARN_ENUM_CONVERSION = YES;
				CLANG_WARN_INFINITE_RECURSION = YES;
				CLANG_WARN_INT_CONVERSION = YES;
				CLANG_WARN_NON_LITERAL_NULL_CONVERSION = YES;
				CLANG_WARN_OBJC_IMPLICIT_RETAIN_SELF = YES;
				CLANG_WARN_OBJC_LITERAL_CONVERSION = YES;
				CLANG_WARN_OBJC_ROOT_CLASS = YES_ERROR;
				CLANG_WARN_QUOTED_INCLUDE_IN_FRAMEWORK_HEADER = YES;
				CLANG_WARN_RANGE_LOOP_ANALYSIS = YES;
				CLANG_WARN_STRICT_PROTOTYPES = YES;
				CLANG_WARN_SUSPICIOUS_MOVE = YES;
				CLANG_WARN_UNGUARDED_AVAILABILITY = YES_AGGRESSIVE;
				CLANG_WARN_UNREACHABLE_CODE = YES;
				CLANG_WARN__DUPLICATE_METHOD_MATCH = YES;
				COPY_PHASE_STRIP = NO;
				DEBUG_INFORMATION_FORMAT = dwarf;
				ENABLE_STRICT_OBJC_MSGSEND = YES;
				ENABLE_TESTABILITY = YES;
				GCC_C_LANGUAGE_STANDARD = gnu11;
				GCC_DYNAMIC_NO_PIC = NO;
				GCC_NO_COMMON_BLOCKS = YES;
				GCC_OPTIMIZATION_LEVEL = 0;
				GCC_PREPROCESSOR_DEFINITIONS = (
					"$(inherited)",
					"DEBUG=1",
				);
				GCC_WARN_64_TO_32_BIT_CONVERSION = YES;
				GCC_WARN_ABOUT_RETURN_TYPE = YES_ERROR;
				GCC_WARN_UNDECLARED_SELECTOR = YES;
				GCC_WARN_UNINITIALIZED_AUTOS = YES_AGGRESSIVE;
				GCC_WARN_UNUSED_FUNCTION = YES;
				GCC_WARN_UNUSED_VARIABLE = YES;
				MTL_ENABLE_DEBUG_INFO = INCLUDE_SOURCE;
				MTL_FAST_MATH = YES;
				ONLY_ACTIVE_ARCH = YES;
				PRODUCT_NAME = "$(TARGET_NAME)";
				SDKROOT = iphoneos;
				SWIFT_ACTIVE_COMPILATION_CONDITIONS = DEBUG;
				SWIFT_OPTIMIZATION_LEVEL = "-Onone";
				SWIFT_VERSION = 5.0;
			};
			name = Debug;
		};
		DB7816C90384A7A335A6023F /* Release */ = {
			isa = XCBuildConfiguration;
			buildSettings = {
				ALWAYS_SEARCH_USER_PATHS = NO;
				CLANG_ANALYZER_NONNULL = YES;
				CLANG_ANALYZER_NUMBER_OBJECT_CONVERSION = YES_AGGRESSIVE;
				CLANG_CXX_LANGUAGE_STANDARD = "gnu++14";
				CLANG_CXX_LIBRARY = "libc++";
				CLANG_ENABLE_MODULES = YES;
				CLANG_ENABLE_OBJC_ARC = YES;
				CLANG_ENABLE_OBJC_WEAK = YES;
				CLANG_WARN_BLOCK_CAPTURE_AUTORELEASING = YES;
				CLANG_WARN_BOOL_CONVERSION = YES;
				CLANG_WARN_COMMA = YES;
				CLANG_WARN_CONSTANT_CONVERSION = YES;
				CLANG_WARN_DEPRECATED_OBJC_IMPLEMENTATIONS = YES;
				CLANG_WARN_DIRECT_OBJC_ISA_USAGE = YES_ERROR;
				CLANG_WARN_DOCUMENTATION_COMMENTS = YES;
				CLANG_WARN_EMPTY_BODY = YES;
				CLANG_WARN_ENUM_CONVERSION = YES;
				CLANG_WARN_INFINITE_RECURSION = YES;
				CLANG_WARN_INT_CONVERSION = YES;
				CLANG_WARN_NON_LITERAL_NULL_CONVERSION = YES;
				CLANG_WARN_OBJC_IMPLICIT_RETAIN_SELF = YES;
				CLANG_WARN_OBJC_LITERAL_CONVERSION = YES;
				CLANG_WARN_OBJC_ROOT_CLASS = YES_ERROR;
				CLANG_WARN_QUOTED_INCLUDE_IN_FRAMEWORK_HEADER = YES;
				CLANG_WARN_RANGE_LOOP_ANALYSIS = YES;
				CLANG_WARN_STRICT_PROTOTYPES = YES;
				CLANG_WARN_SUSPICIOUS_MOVE = YES;
				CLANG_WARN_UNGUARDED_AVAILABILITY = YES_AGGRESSIVE;
				CLANG_WARN_UNREACHABLE_CODE = YES;
				CLANG_WARN__DUPLICATE_METHOD_MATCH = YES;
				COPY_PHASE_STRIP = NO;
				DEBUG_INFORMATION_FORMAT = "dwarf-with-dsym";
				ENABLE_NS_ASSERTIONS = NO;
				ENABLE_STRICT_OBJC_MSGSEND = YES;
				GCC_C_LANGUAGE_STANDARD = gnu11;
				GCC_NO_COMMON_BLOCKS = YES;
				GCC_WARN_64_TO_32_BIT_CONVERSION = YES;
				GCC_WARN_ABOUT_RETURN_TYPE = YES_ERROR;
				GCC_WARN_UNDECLARED_SELECTOR = YES;
				GCC_WARN_UNINITIALIZED_AUTOS = YES_AGGRESSIVE;
				GCC_WARN_UNUSED_FUNCTION = YES;
				GCC_WARN_UNUSED_VARIABLE = YES;
				MTL_ENABLE_DEBUG_INFO = NO;
				MTL_FAST_MATH = YES;
				PRODUCT_NAME = "$(TARGET_NAME)";
				SDKROOT = iphoneos;
				SWIFT_COMPILATION_MODE = wholemodule;
				SWIFT_OPTIMIZATION_LEVEL = "-O";
				SWIFT_VERSION = 5.0;
			};
			name = Release;
		};
		FB272DA9386F5C8D38201462 /* test */ = {
			isa = XCBuildConfiguration;
			buildSettings = {
				ALWAYS_SEARCH_USER_PATHS = NO;
				CLANG_ANALYZER_NONNULL = YES;
				CLANG_ANALYZER_NUMBER_OBJECT_CONVERSION = YES_AGGRESSIVE;
				CLANG_CXX_LANGUAGE_STANDARD = "gnu++14";
				CLANG_CXX_LIBRARY = "libc++";
				CLANG_ENABLE_MODULES = YES;
				CLANG_ENABLE_OBJC_ARC = YES;
				CLANG_ENABLE_OBJC_WEAK = YES;
				CLANG_WARN_BLOCK_CAPTURE_AUTORELEASING = YES;
				CLANG_WARN_BOOL_CONVERSION = YES;
				CLANG_WARN_COMMA = YES;
				CLANG_WARN_CONSTANT_CONVERSION = YES;
				CLANG_WARN_DEPRECATED_OBJC_IMPLEMENTATIONS = YES;
				CLANG_WARN_DIRECT_OBJC_ISA_USAGE = YES_ERROR;
				CLANG_WARN_DOCUMENTATION_COMMENTS = YES;
				CLANG_WARN_EMPTY_BODY = YES;
				CLANG_WARN_ENUM_CONVERSION = YES;
				CLANG_WARN_INFINITE_RECURSION = YES;
				CLANG_WARN_INT_CONVERSION = YES;
				CLANG_WARN_NON_LITERAL_NULL_CONVERSION = YES;
				CLANG_WARN_OBJC_IMPLICIT_RETAIN_SELF = YES;
				CLANG_WARN_OBJC_LITERAL_CONVERSION = YES;
				CLANG_WARN_OBJC_ROOT_CLASS = YES_ERROR;
				CLANG_WARN_QUOTED_INCLUDE_IN_FRAMEWORK_HEADER = YES;
				CLANG_WARN_RANGE_LOOP_ANALYSIS = YES;
				CLANG_WARN_STRICT_PROTOTYPES = YES;
				CLANG_WARN_SUSPICIOUS_MOVE = YES;
				CLANG_WARN_UNGUARDED_AVAILABILITY = YES_AGGRESSIVE;
				CLANG_WARN_UNREACHABLE_CODE = YES;
				CLANG_WARN__DUPLICATE_METHOD_MATCH = YES;
				COPY_PHASE_STRIP = NO;
				DEBUG_INFORMATION_FORMAT = dwarf;
				ENABLE_STRICT_OBJC_MSGSEND = YES;
				ENABLE_TESTABILITY = YES;
				GCC_C_LANGUAGE_STANDARD = gnu11;
				GCC_DYNAMIC_NO_PIC = NO;
				GCC_NO_COMMON_BLOCKS = YES;
				GCC_OPTIMIZATION_LEVEL = 0;
				GCC_PREPROCESSOR_DEFINITIONS = (
					"$(inherited)",
					"DEBUG=1",
				);
				GCC_WARN_64_TO_32_BIT_CONVERSION = YES;
				GCC_WARN_ABOUT_RETURN_TYPE = YES_ERROR;
				GCC_WARN_UNDECLARED_SELECTOR = YES;
				GCC_WARN_UNINITIALIZED_AUTOS = YES_AGGRESSIVE;
				GCC_WARN_UNUSED_FUNCTION = YES;
				GCC_WARN_UNUSED_VARIABLE = YES;
				MTL_ENABLE_DEBUG_INFO = INCLUDE_SOURCE;
				MTL_FAST_MATH = YES;
				ONLY_ACTIVE_ARCH = YES;
				PRODUCT_NAME = "$(TARGET_NAME)";
				SDKROOT = iphoneos;
				SWIFT_ACTIVE_COMPILATION_CONDITIONS = DEBUG;
				SWIFT_OPTIMIZATION_LEVEL = "-Onone";
				SWIFT_VERSION = 5.0;
			};
			name = test;
		};
		FE54F35C789F96C92DD0C974 /* Debug */ = {
			isa = XCBuildConfiguration;
			baseConfigurationReference = 7CD9FC7D88B1E8E0C691AF96 /* Pods-Peek-a-Book.debug.xcconfig */;
			buildSettings = {
				ASSETCATALOG_COMPILER_APPICON_NAME = AppIcon;
				CODE_SIGN_IDENTITY = "iPhone Developer";
				INFOPLIST_FILE = "Peek-a-Book/Info.plist";
				IPHONEOS_DEPLOYMENT_TARGET = 14.5;
				LD_RUNPATH_SEARCH_PATHS = (
					"$(inherited)",
					"@executable_path/Frameworks",
				);
				PRODUCT_BUNDLE_IDENTIFIER = "com.koweaboo.Peek-a-Book";
				SDKROOT = iphoneos;
				TARGETED_DEVICE_FAMILY = "1,2";
			};
			name = Debug;
		};
/* End XCBuildConfiguration section */

/* Begin XCConfigurationList section */
		089ABBF83833CB8ADB93100D /* Build configuration list for PBXNativeTarget "Peek-a-Book" */ = {
			isa = XCConfigurationList;
			buildConfigurations = (
				FE54F35C789F96C92DD0C974 /* Debug */,
				AA8E4373C95B3F704A41889B /* Release */,
				2604BBDA77FE62328CCFF9B3 /* integ */,
				D2836123A1F62CE76296C8B7 /* test */,
			);
			defaultConfigurationIsVisible = 0;
			defaultConfigurationName = Debug;
		};
		9BE65FBC136D59C5F47AE8F3 /* Build configuration list for PBXProject "Peek-a-Book" */ = {
			isa = XCConfigurationList;
			buildConfigurations = (
				D8AA6FDEA57D4825FB0C6378 /* Debug */,
				DB7816C90384A7A335A6023F /* Release */,
				8FF31F23C2B1D98E1B8BABA6 /* integ */,
				FB272DA9386F5C8D38201462 /* test */,
			);
			defaultConfigurationIsVisible = 0;
			defaultConfigurationName = Debug;
		};
/* End XCConfigurationList section */
	};
	rootObject = 41362DB7BD93A0E064227D2D /* Project object */;
}
