// !$*UTF8*$!
{
	archiveVersion = 1;
	classes = {
	};
	objectVersion = 51;
	objects = {

/* Begin PBXBuildFile section */
		16B7AF280F812355FFBB3617 /* Pods_Peek_a_Book.framework in Frameworks */ = {isa = PBXBuildFile; fileRef = EBF03D67112FE754DD2BDA7C /* Pods_Peek_a_Book.framework */; };
		6A6E2E3726B0A662005778FF /* MapsViewController.swift in Sources */ = {isa = PBXBuildFile; fileRef = 6A6E2E3526B0A662005778FF /* MapsViewController.swift */; };
		6A6E2E3826B0A662005778FF /* MapsViewController.xib in Resources */ = {isa = PBXBuildFile; fileRef = 6A6E2E3626B0A662005778FF /* MapsViewController.xib */; };
		6A6E2E3C26B0A98B005778FF /* AlamatMaps.swift in Sources */ = {isa = PBXBuildFile; fileRef = 6A6E2E3B26B0A98B005778FF /* AlamatMaps.swift */; };
		6A6E2E3E26B0A99F005778FF /* AlamatMaps.xib in Resources */ = {isa = PBXBuildFile; fileRef = 6A6E2E3D26B0A99F005778FF /* AlamatMaps.xib */; };
		8E0F7C1926AE73D7004A5D23 /* AppDelegate.swift in Sources */ = {isa = PBXBuildFile; fileRef = 8E0F7C1826AE73D7004A5D23 /* AppDelegate.swift */; };
		8E0F7C1B26AE73D7004A5D23 /* SceneDelegate.swift in Sources */ = {isa = PBXBuildFile; fileRef = 8E0F7C1A26AE73D7004A5D23 /* SceneDelegate.swift */; };
		8E0F7C2226AE73D8004A5D23 /* Assets.xcassets in Resources */ = {isa = PBXBuildFile; fileRef = 8E0F7C2126AE73D8004A5D23 /* Assets.xcassets */; };
		8E0F7C2526AE73D8004A5D23 /* LaunchScreen.storyboard in Resources */ = {isa = PBXBuildFile; fileRef = 8E0F7C2326AE73D8004A5D23 /* LaunchScreen.storyboard */; };
		8E0F7C3F26AE799D004A5D23 /* XIBConstant.swift in Sources */ = {isa = PBXBuildFile; fileRef = 8E0F7C3E26AE799D004A5D23 /* XIBConstant.swift */; };
		8E0F7C4726AE7AD5004A5D23 /* BooksViewController.swift in Sources */ = {isa = PBXBuildFile; fileRef = 8E0F7C4526AE7AD5004A5D23 /* BooksViewController.swift */; };
		8E0F7C4826AE7AD5004A5D23 /* BooksViewController.xib in Resources */ = {isa = PBXBuildFile; fileRef = 8E0F7C4626AE7AD5004A5D23 /* BooksViewController.xib */; };
		8E0F7C5126AE7FE0004A5D23 /* ProfileViewController.swift in Sources */ = {isa = PBXBuildFile; fileRef = 8E0F7C4F26AE7FE0004A5D23 /* ProfileViewController.swift */; };
		8E0F7C5226AE7FE0004A5D23 /* ProfileViewController.xib in Resources */ = {isa = PBXBuildFile; fileRef = 8E0F7C5026AE7FE0004A5D23 /* ProfileViewController.xib */; };
		8EF36D6B26B1499400964103 /* RootViewController.swift in Sources */ = {isa = PBXBuildFile; fileRef = 8EF36D6A26B1499400964103 /* RootViewController.swift */; };
/* End PBXBuildFile section */

/* Begin PBXFileReference section */
		6A6E2E3526B0A662005778FF /* MapsViewController.swift */ = {isa = PBXFileReference; lastKnownFileType = sourcecode.swift; path = MapsViewController.swift; sourceTree = "<group>"; };
		6A6E2E3626B0A662005778FF /* MapsViewController.xib */ = {isa = PBXFileReference; lastKnownFileType = file.xib; path = MapsViewController.xib; sourceTree = "<group>"; };
		6A6E2E3B26B0A98B005778FF /* AlamatMaps.swift */ = {isa = PBXFileReference; lastKnownFileType = sourcecode.swift; path = AlamatMaps.swift; sourceTree = "<group>"; };
		6A6E2E3D26B0A99F005778FF /* AlamatMaps.xib */ = {isa = PBXFileReference; lastKnownFileType = file.xib; path = AlamatMaps.xib; sourceTree = "<group>"; };
		7231F45D4003D5920B2D15CF /* Pods-Peek-a-Book.release.xcconfig */ = {isa = PBXFileReference; includeInIndex = 1; lastKnownFileType = text.xcconfig; name = "Pods-Peek-a-Book.release.xcconfig"; path = "Target Support Files/Pods-Peek-a-Book/Pods-Peek-a-Book.release.xcconfig"; sourceTree = "<group>"; };
		8E0F7C1526AE73D7004A5D23 /* Peek-a-Book.app */ = {isa = PBXFileReference; explicitFileType = wrapper.application; includeInIndex = 0; path = "Peek-a-Book.app"; sourceTree = BUILT_PRODUCTS_DIR; };
		8E0F7C1826AE73D7004A5D23 /* AppDelegate.swift */ = {isa = PBXFileReference; lastKnownFileType = sourcecode.swift; path = AppDelegate.swift; sourceTree = "<group>"; };
		8E0F7C1A26AE73D7004A5D23 /* SceneDelegate.swift */ = {isa = PBXFileReference; lastKnownFileType = sourcecode.swift; path = SceneDelegate.swift; sourceTree = "<group>"; };
		8E0F7C2126AE73D8004A5D23 /* Assets.xcassets */ = {isa = PBXFileReference; lastKnownFileType = folder.assetcatalog; path = Assets.xcassets; sourceTree = "<group>"; };
		8E0F7C2426AE73D8004A5D23 /* Base */ = {isa = PBXFileReference; lastKnownFileType = file.storyboard; name = Base; path = Base.lproj/LaunchScreen.storyboard; sourceTree = "<group>"; };
		8E0F7C2626AE73D8004A5D23 /* Info.plist */ = {isa = PBXFileReference; lastKnownFileType = text.plist.xml; path = Info.plist; sourceTree = "<group>"; };
		8E0F7C3E26AE799D004A5D23 /* XIBConstant.swift */ = {isa = PBXFileReference; lastKnownFileType = sourcecode.swift; path = XIBConstant.swift; sourceTree = "<group>"; };
		8E0F7C4526AE7AD5004A5D23 /* BooksViewController.swift */ = {isa = PBXFileReference; lastKnownFileType = sourcecode.swift; path = BooksViewController.swift; sourceTree = "<group>"; };
		8E0F7C4626AE7AD5004A5D23 /* BooksViewController.xib */ = {isa = PBXFileReference; lastKnownFileType = file.xib; path = BooksViewController.xib; sourceTree = "<group>"; };
		8E0F7C4F26AE7FE0004A5D23 /* ProfileViewController.swift */ = {isa = PBXFileReference; lastKnownFileType = sourcecode.swift; path = ProfileViewController.swift; sourceTree = "<group>"; };
		8E0F7C5026AE7FE0004A5D23 /* ProfileViewController.xib */ = {isa = PBXFileReference; lastKnownFileType = file.xib; path = ProfileViewController.xib; sourceTree = "<group>"; };
		8EF36D6A26B1499400964103 /* RootViewController.swift */ = {isa = PBXFileReference; lastKnownFileType = sourcecode.swift; path = RootViewController.swift; sourceTree = "<group>"; };
		983AD7EFE4A9EEA2A4B97B22 /* Pods-Peek-a-Book.debug.xcconfig */ = {isa = PBXFileReference; includeInIndex = 1; lastKnownFileType = text.xcconfig; name = "Pods-Peek-a-Book.debug.xcconfig"; path = "Target Support Files/Pods-Peek-a-Book/Pods-Peek-a-Book.debug.xcconfig"; sourceTree = "<group>"; };
		EBF03D67112FE754DD2BDA7C /* Pods_Peek_a_Book.framework */ = {isa = PBXFileReference; explicitFileType = wrapper.framework; includeInIndex = 0; path = Pods_Peek_a_Book.framework; sourceTree = BUILT_PRODUCTS_DIR; };
/* End PBXFileReference section */

/* Begin PBXFrameworksBuildPhase section */
		8E0F7C1226AE73D7004A5D23 /* Frameworks */ = {
			isa = PBXFrameworksBuildPhase;
			buildActionMask = 2147483647;
			files = (
				16B7AF280F812355FFBB3617 /* Pods_Peek_a_Book.framework in Frameworks */,
			);
			runOnlyForDeploymentPostprocessing = 0;
		};
/* End PBXFrameworksBuildPhase section */

/* Begin PBXGroup section */
		380DDF66261D78DE5998B21E /* Frameworks */ = {
			isa = PBXGroup;
			children = (
				EBF03D67112FE754DD2BDA7C /* Pods_Peek_a_Book.framework */,
			);
			name = Frameworks;
			sourceTree = "<group>";
		};
		6A6E2E3026B0A616005778FF /* Maps */ = {
			isa = PBXGroup;
			children = (
				6A6E2E3426B0A642005778FF /* ViewModel */,
				6A6E2E3326B0A63C005778FF /* Model */,
				6A6E2E3226B0A62E005778FF /* ViewController */,
				6A6E2E3126B0A624005778FF /* View */,
			);
			path = Maps;
			sourceTree = "<group>";
		};
		6A6E2E3126B0A624005778FF /* View */ = {
			isa = PBXGroup;
			children = (
				6A6E2E3626B0A662005778FF /* MapsViewController.xib */,
				6A6E2E3D26B0A99F005778FF /* AlamatMaps.xib */,
			);
			path = View;
			sourceTree = "<group>";
		};
		6A6E2E3226B0A62E005778FF /* ViewController */ = {
			isa = PBXGroup;
			children = (
				6A6E2E3526B0A662005778FF /* MapsViewController.swift */,
				6A6E2E3B26B0A98B005778FF /* AlamatMaps.swift */,
			);
			path = ViewController;
			sourceTree = "<group>";
		};
		6A6E2E3326B0A63C005778FF /* Model */ = {
			isa = PBXGroup;
			children = (
			);
			path = Model;
			sourceTree = "<group>";
		};
		6A6E2E3426B0A642005778FF /* ViewModel */ = {
			isa = PBXGroup;
			children = (
			);
			path = ViewModel;
			sourceTree = "<group>";
		};
		8E0F7C0C26AE73D7004A5D23 = {
			isa = PBXGroup;
			children = (
				8E0F7C1726AE73D7004A5D23 /* Peek-a-Book */,
				8E0F7C1626AE73D7004A5D23 /* Products */,
				BED0ED1CB25295A639B15AAB /* Pods */,
				380DDF66261D78DE5998B21E /* Frameworks */,
			);
			sourceTree = "<group>";
		};
		8E0F7C1626AE73D7004A5D23 /* Products */ = {
			isa = PBXGroup;
			children = (
				8E0F7C1526AE73D7004A5D23 /* Peek-a-Book.app */,
			);
			name = Products;
			sourceTree = "<group>";
		};
		8E0F7C1726AE73D7004A5D23 /* Peek-a-Book */ = {
			isa = PBXGroup;
			children = (
				8E0F7C2D26AE746A004A5D23 /* Helper */,
				8E0F7C2C26AE7462004A5D23 /* Module */,
				8E0F7C1826AE73D7004A5D23 /* AppDelegate.swift */,
				8E0F7C1A26AE73D7004A5D23 /* SceneDelegate.swift */,
				8E0F7C2126AE73D8004A5D23 /* Assets.xcassets */,
				8E0F7C2326AE73D8004A5D23 /* LaunchScreen.storyboard */,
				8E0F7C2626AE73D8004A5D23 /* Info.plist */,
				8EF36D6A26B1499400964103 /* RootViewController.swift */,
			);
			path = "Peek-a-Book";
			sourceTree = "<group>";
		};
		8E0F7C2C26AE7462004A5D23 /* Module */ = {
			isa = PBXGroup;
			children = (
				6A6E2E3026B0A616005778FF /* Maps */,
				8E0F7C3426AE7712004A5D23 /* Books */,
				8E0F7C3326AE770D004A5D23 /* Profile */,
			);
			path = Module;
			sourceTree = "<group>";
		};
		8E0F7C2D26AE746A004A5D23 /* Helper */ = {
			isa = PBXGroup;
			children = (
				8E0F7C3E26AE799D004A5D23 /* XIBConstant.swift */,
			);
			path = Helper;
			sourceTree = "<group>";
		};
		8E0F7C3326AE770D004A5D23 /* Profile */ = {
			isa = PBXGroup;
			children = (
				8E0F7C5526AE8288004A5D23 /* View */,
				8E0F7C4026AE7A74004A5D23 /* ViewController */,
			);
			path = Profile;
			sourceTree = "<group>";
		};
		8E0F7C3426AE7712004A5D23 /* Books */ = {
			isa = PBXGroup;
			children = (
				8E0F7C5426AE827E004A5D23 /* View */,
				8E0F7C3B26AE77F3004A5D23 /* ViewController */,
			);
			path = Books;
			sourceTree = "<group>";
		};
		8E0F7C3B26AE77F3004A5D23 /* ViewController */ = {
			isa = PBXGroup;
			children = (
				8E0F7C4526AE7AD5004A5D23 /* BooksViewController.swift */,
			);
			path = ViewController;
			sourceTree = "<group>";
		};
		8E0F7C4026AE7A74004A5D23 /* ViewController */ = {
			isa = PBXGroup;
			children = (
				8E0F7C4F26AE7FE0004A5D23 /* ProfileViewController.swift */,
			);
			path = ViewController;
			sourceTree = "<group>";
		};
		8E0F7C5426AE827E004A5D23 /* View */ = {
			isa = PBXGroup;
			children = (
				8E0F7C4626AE7AD5004A5D23 /* BooksViewController.xib */,
			);
			path = View;
			sourceTree = "<group>";
		};
		8E0F7C5526AE8288004A5D23 /* View */ = {
			isa = PBXGroup;
			children = (
				8E0F7C5026AE7FE0004A5D23 /* ProfileViewController.xib */,
			);
			path = View;
			sourceTree = "<group>";
		};
		BED0ED1CB25295A639B15AAB /* Pods */ = {
			isa = PBXGroup;
			children = (
				983AD7EFE4A9EEA2A4B97B22 /* Pods-Peek-a-Book.debug.xcconfig */,
				7231F45D4003D5920B2D15CF /* Pods-Peek-a-Book.release.xcconfig */,
			);
			path = Pods;
			sourceTree = "<group>";
		};
/* End PBXGroup section */

/* Begin PBXNativeTarget section */
		8E0F7C1426AE73D7004A5D23 /* Peek-a-Book */ = {
			isa = PBXNativeTarget;
			buildConfigurationList = 8E0F7C2926AE73D8004A5D23 /* Build configuration list for PBXNativeTarget "Peek-a-Book" */;
			buildPhases = (
				16956762D8607F0A2CBF5075 /* [CP] Check Pods Manifest.lock */,
				8E0F7C1126AE73D7004A5D23 /* Sources */,
				8E0F7C1226AE73D7004A5D23 /* Frameworks */,
				8E0F7C1326AE73D7004A5D23 /* Resources */,
				C5FAB308D281BB60682C189C /* [CP] Embed Pods Frameworks */,
			);
			buildRules = (
			);
			dependencies = (
			);
			name = "Peek-a-Book";
			productName = "Peek-a-Book";
			productReference = 8E0F7C1526AE73D7004A5D23 /* Peek-a-Book.app */;
			productType = "com.apple.product-type.application";
		};
/* End PBXNativeTarget section */

/* Begin PBXProject section */
		8E0F7C0D26AE73D7004A5D23 /* Project object */ = {
			isa = PBXProject;
			attributes = {
				LastSwiftUpdateCheck = 1250;
				LastUpgradeCheck = 1250;
				TargetAttributes = {
					8E0F7C1426AE73D7004A5D23 = {
						CreatedOnToolsVersion = 12.5.1;
					};
				};
			};
			buildConfigurationList = 8E0F7C1026AE73D7004A5D23 /* Build configuration list for PBXProject "Peek-a-Book" */;
			compatibilityVersion = "Xcode 9.3";
			developmentRegion = en;
			hasScannedForEncodings = 0;
			knownRegions = (
				en,
				Base,
			);
			mainGroup = 8E0F7C0C26AE73D7004A5D23;
			productRefGroup = 8E0F7C1626AE73D7004A5D23 /* Products */;
			projectDirPath = "";
			projectRoot = "";
			targets = (
				8E0F7C1426AE73D7004A5D23 /* Peek-a-Book */,
			);
		};
/* End PBXProject section */

/* Begin PBXResourcesBuildPhase section */
		8E0F7C1326AE73D7004A5D23 /* Resources */ = {
			isa = PBXResourcesBuildPhase;
			buildActionMask = 2147483647;
			files = (
				8E0F7C4826AE7AD5004A5D23 /* BooksViewController.xib in Resources */,
				8E0F7C2526AE73D8004A5D23 /* LaunchScreen.storyboard in Resources */,
				6A6E2E3826B0A662005778FF /* MapsViewController.xib in Resources */,
				8E0F7C5226AE7FE0004A5D23 /* ProfileViewController.xib in Resources */,
				6A6E2E3E26B0A99F005778FF /* AlamatMaps.xib in Resources */,
				8E0F7C2226AE73D8004A5D23 /* Assets.xcassets in Resources */,
			);
			runOnlyForDeploymentPostprocessing = 0;
		};
/* End PBXResourcesBuildPhase section */

/* Begin PBXShellScriptBuildPhase section */
		16956762D8607F0A2CBF5075 /* [CP] Check Pods Manifest.lock */ = {
			isa = PBXShellScriptBuildPhase;
			buildActionMask = 2147483647;
			files = (
			);
			inputFileListPaths = (
			);
			inputPaths = (
				"${PODS_PODFILE_DIR_PATH}/Podfile.lock",
				"${PODS_ROOT}/Manifest.lock",
			);
			name = "[CP] Check Pods Manifest.lock";
			outputFileListPaths = (
			);
			outputPaths = (
				"$(DERIVED_FILE_DIR)/Pods-Peek-a-Book-checkManifestLockResult.txt",
			);
			runOnlyForDeploymentPostprocessing = 0;
			shellPath = /bin/sh;
			shellScript = "diff \"${PODS_PODFILE_DIR_PATH}/Podfile.lock\" \"${PODS_ROOT}/Manifest.lock\" > /dev/null\nif [ $? != 0 ] ; then\n    # print error to STDERR\n    echo \"error: The sandbox is not in sync with the Podfile.lock. Run 'pod install' or update your CocoaPods installation.\" >&2\n    exit 1\nfi\n# This output is used by Xcode 'outputs' to avoid re-running this script phase.\necho \"SUCCESS\" > \"${SCRIPT_OUTPUT_FILE_0}\"\n";
			showEnvVarsInLog = 0;
		};
		C5FAB308D281BB60682C189C /* [CP] Embed Pods Frameworks */ = {
			isa = PBXShellScriptBuildPhase;
			buildActionMask = 2147483647;
			files = (
			);
			inputFileListPaths = (
				"${PODS_ROOT}/Target Support Files/Pods-Peek-a-Book/Pods-Peek-a-Book-frameworks-${CONFIGURATION}-input-files.xcfilelist",
			);
			name = "[CP] Embed Pods Frameworks";
			outputFileListPaths = (
				"${PODS_ROOT}/Target Support Files/Pods-Peek-a-Book/Pods-Peek-a-Book-frameworks-${CONFIGURATION}-output-files.xcfilelist",
			);
			runOnlyForDeploymentPostprocessing = 0;
			shellPath = /bin/sh;
			shellScript = "\"${PODS_ROOT}/Target Support Files/Pods-Peek-a-Book/Pods-Peek-a-Book-frameworks.sh\"\n";
			showEnvVarsInLog = 0;
		};
/* End PBXShellScriptBuildPhase section */

/* Begin PBXSourcesBuildPhase section */
		8E0F7C1126AE73D7004A5D23 /* Sources */ = {
			isa = PBXSourcesBuildPhase;
			buildActionMask = 2147483647;
			files = (
				8E0F7C1926AE73D7004A5D23 /* AppDelegate.swift in Sources */,
				8EF36D6B26B1499400964103 /* RootViewController.swift in Sources */,
				8E0F7C4726AE7AD5004A5D23 /* BooksViewController.swift in Sources */,
				8E0F7C1B26AE73D7004A5D23 /* SceneDelegate.swift in Sources */,
				8E0F7C3F26AE799D004A5D23 /* XIBConstant.swift in Sources */,
				6A6E2E3C26B0A98B005778FF /* AlamatMaps.swift in Sources */,
				8E0F7C5126AE7FE0004A5D23 /* ProfileViewController.swift in Sources */,
			);
			runOnlyForDeploymentPostprocessing = 0;
		};
/* End PBXSourcesBuildPhase section */

/* Begin PBXVariantGroup section */
		8E0F7C2326AE73D8004A5D23 /* LaunchScreen.storyboard */ = {
			isa = PBXVariantGroup;
			children = (
				8E0F7C2426AE73D8004A5D23 /* Base */,
			);
			name = LaunchScreen.storyboard;
			sourceTree = "<group>";
		};
/* End PBXVariantGroup section */

/* Begin XCBuildConfiguration section */
		8E0F7C2726AE73D8004A5D23 /* Debug */ = {
			isa = XCBuildConfiguration;
			buildSettings = {
				ALWAYS_SEARCH_USER_PATHS = NO;
				CLANG_ANALYZER_NONNULL = YES;
				CLANG_ANALYZER_NUMBER_OBJECT_CONVERSION = YES_AGGRESSIVE;
				CLANG_CXX_LANGUAGE_STANDARD = "gnu++14";
				CLANG_CXX_LIBRARY = "libc++";
				CLANG_ENABLE_MODULES = YES;
				CLANG_ENABLE_OBJC_ARC = YES;
				CLANG_ENABLE_OBJC_WEAK = YES;
				CLANG_WARN_BLOCK_CAPTURE_AUTORELEASING = YES;
				CLANG_WARN_BOOL_CONVERSION = YES;
				CLANG_WARN_COMMA = YES;
				CLANG_WARN_CONSTANT_CONVERSION = YES;
				CLANG_WARN_DEPRECATED_OBJC_IMPLEMENTATIONS = YES;
				CLANG_WARN_DIRECT_OBJC_ISA_USAGE = YES_ERROR;
				CLANG_WARN_DOCUMENTATION_COMMENTS = YES;
				CLANG_WARN_EMPTY_BODY = YES;
				CLANG_WARN_ENUM_CONVERSION = YES;
				CLANG_WARN_INFINITE_RECURSION = YES;
				CLANG_WARN_INT_CONVERSION = YES;
				CLANG_WARN_NON_LITERAL_NULL_CONVERSION = YES;
				CLANG_WARN_OBJC_IMPLICIT_RETAIN_SELF = YES;
				CLANG_WARN_OBJC_LITERAL_CONVERSION = YES;
				CLANG_WARN_OBJC_ROOT_CLASS = YES_ERROR;
				CLANG_WARN_QUOTED_INCLUDE_IN_FRAMEWORK_HEADER = YES;
				CLANG_WARN_RANGE_LOOP_ANALYSIS = YES;
				CLANG_WARN_STRICT_PROTOTYPES = YES;
				CLANG_WARN_SUSPICIOUS_MOVE = YES;
				CLANG_WARN_UNGUARDED_AVAILABILITY = YES_AGGRESSIVE;
				CLANG_WARN_UNREACHABLE_CODE = YES;
				CLANG_WARN__DUPLICATE_METHOD_MATCH = YES;
				COPY_PHASE_STRIP = NO;
				DEBUG_INFORMATION_FORMAT = dwarf;
				ENABLE_STRICT_OBJC_MSGSEND = YES;
				ENABLE_TESTABILITY = YES;
				GCC_C_LANGUAGE_STANDARD = gnu11;
				GCC_DYNAMIC_NO_PIC = NO;
				GCC_NO_COMMON_BLOCKS = YES;
				GCC_OPTIMIZATION_LEVEL = 0;
				GCC_PREPROCESSOR_DEFINITIONS = (
					"DEBUG=1",
					"$(inherited)",
				);
				GCC_WARN_64_TO_32_BIT_CONVERSION = YES;
				GCC_WARN_ABOUT_RETURN_TYPE = YES_ERROR;
				GCC_WARN_UNDECLARED_SELECTOR = YES;
				GCC_WARN_UNINITIALIZED_AUTOS = YES_AGGRESSIVE;
				GCC_WARN_UNUSED_FUNCTION = YES;
				GCC_WARN_UNUSED_VARIABLE = YES;
				IPHONEOS_DEPLOYMENT_TARGET = 14.5;
				MTL_ENABLE_DEBUG_INFO = INCLUDE_SOURCE;
				MTL_FAST_MATH = YES;
				ONLY_ACTIVE_ARCH = YES;
				SDKROOT = iphoneos;
				SWIFT_ACTIVE_COMPILATION_CONDITIONS = DEBUG;
				SWIFT_OPTIMIZATION_LEVEL = "-Onone";
			};
			name = Debug;
		};
		8E0F7C2826AE73D8004A5D23 /* Release */ = {
			isa = XCBuildConfiguration;
			buildSettings = {
				ALWAYS_SEARCH_USER_PATHS = NO;
				CLANG_ANALYZER_NONNULL = YES;
				CLANG_ANALYZER_NUMBER_OBJECT_CONVERSION = YES_AGGRESSIVE;
				CLANG_CXX_LANGUAGE_STANDARD = "gnu++14";
				CLANG_CXX_LIBRARY = "libc++";
				CLANG_ENABLE_MODULES = YES;
				CLANG_ENABLE_OBJC_ARC = YES;
				CLANG_ENABLE_OBJC_WEAK = YES;
				CLANG_WARN_BLOCK_CAPTURE_AUTORELEASING = YES;
				CLANG_WARN_BOOL_CONVERSION = YES;
				CLANG_WARN_COMMA = YES;
				CLANG_WARN_CONSTANT_CONVERSION = YES;
				CLANG_WARN_DEPRECATED_OBJC_IMPLEMENTATIONS = YES;
				CLANG_WARN_DIRECT_OBJC_ISA_USAGE = YES_ERROR;
				CLANG_WARN_DOCUMENTATION_COMMENTS = YES;
				CLANG_WARN_EMPTY_BODY = YES;
				CLANG_WARN_ENUM_CONVERSION = YES;
				CLANG_WARN_INFINITE_RECURSION = YES;
				CLANG_WARN_INT_CONVERSION = YES;
				CLANG_WARN_NON_LITERAL_NULL_CONVERSION = YES;
				CLANG_WARN_OBJC_IMPLICIT_RETAIN_SELF = YES;
				CLANG_WARN_OBJC_LITERAL_CONVERSION = YES;
				CLANG_WARN_OBJC_ROOT_CLASS = YES_ERROR;
				CLANG_WARN_QUOTED_INCLUDE_IN_FRAMEWORK_HEADER = YES;
				CLANG_WARN_RANGE_LOOP_ANALYSIS = YES;
				CLANG_WARN_STRICT_PROTOTYPES = YES;
				CLANG_WARN_SUSPICIOUS_MOVE = YES;
				CLANG_WARN_UNGUARDED_AVAILABILITY = YES_AGGRESSIVE;
				CLANG_WARN_UNREACHABLE_CODE = YES;
				CLANG_WARN__DUPLICATE_METHOD_MATCH = YES;
				COPY_PHASE_STRIP = NO;
				DEBUG_INFORMATION_FORMAT = "dwarf-with-dsym";
				ENABLE_NS_ASSERTIONS = NO;
				ENABLE_STRICT_OBJC_MSGSEND = YES;
				GCC_C_LANGUAGE_STANDARD = gnu11;
				GCC_NO_COMMON_BLOCKS = YES;
				GCC_WARN_64_TO_32_BIT_CONVERSION = YES;
				GCC_WARN_ABOUT_RETURN_TYPE = YES_ERROR;
				GCC_WARN_UNDECLARED_SELECTOR = YES;
				GCC_WARN_UNINITIALIZED_AUTOS = YES_AGGRESSIVE;
				GCC_WARN_UNUSED_FUNCTION = YES;
				GCC_WARN_UNUSED_VARIABLE = YES;
				IPHONEOS_DEPLOYMENT_TARGET = 14.5;
				MTL_ENABLE_DEBUG_INFO = NO;
				MTL_FAST_MATH = YES;
				SDKROOT = iphoneos;
				SWIFT_COMPILATION_MODE = wholemodule;
				SWIFT_OPTIMIZATION_LEVEL = "-O";
				VALIDATE_PRODUCT = YES;
			};
			name = Release;
		};
		8E0F7C2A26AE73D8004A5D23 /* Debug */ = {
			isa = XCBuildConfiguration;
			baseConfigurationReference = 983AD7EFE4A9EEA2A4B97B22 /* Pods-Peek-a-Book.debug.xcconfig */;
			buildSettings = {
				ASSETCATALOG_COMPILER_APPICON_NAME = AppIcon;
				ASSETCATALOG_COMPILER_GLOBAL_ACCENT_COLOR_NAME = AccentColor;
				CODE_SIGN_STYLE = Automatic;
				DEVELOPMENT_TEAM = X9XRN4TUZZ;
				INFOPLIST_FILE = "Peek-a-Book/Info.plist";
				LD_RUNPATH_SEARCH_PATHS = (
					"$(inherited)",
					"@executable_path/Frameworks",
				);
				PRODUCT_BUNDLE_IDENTIFIER = "com.koweaboo.Peek-a-Book";
				PRODUCT_NAME = "$(TARGET_NAME)";
				SWIFT_VERSION = 5.0;
				TARGETED_DEVICE_FAMILY = "1,2";
			};
			name = Debug;
		};
		8E0F7C2B26AE73D8004A5D23 /* Release */ = {
			isa = XCBuildConfiguration;
			baseConfigurationReference = 7231F45D4003D5920B2D15CF /* Pods-Peek-a-Book.release.xcconfig */;
			buildSettings = {
				ASSETCATALOG_COMPILER_APPICON_NAME = AppIcon;
				ASSETCATALOG_COMPILER_GLOBAL_ACCENT_COLOR_NAME = AccentColor;
				CODE_SIGN_STYLE = Automatic;
				DEVELOPMENT_TEAM = X9XRN4TUZZ;
				INFOPLIST_FILE = "Peek-a-Book/Info.plist";
				LD_RUNPATH_SEARCH_PATHS = (
					"$(inherited)",
					"@executable_path/Frameworks",
				);
				PRODUCT_BUNDLE_IDENTIFIER = "com.koweaboo.Peek-a-Book";
				PRODUCT_NAME = "$(TARGET_NAME)";
				SWIFT_VERSION = 5.0;
				TARGETED_DEVICE_FAMILY = "1,2";
			};
			name = Release;
		};
/* End XCBuildConfiguration section */

/* Begin XCConfigurationList section */
		8E0F7C1026AE73D7004A5D23 /* Build configuration list for PBXProject "Peek-a-Book" */ = {
			isa = XCConfigurationList;
			buildConfigurations = (
				8E0F7C2726AE73D8004A5D23 /* Debug */,
				8E0F7C2826AE73D8004A5D23 /* Release */,
			);
			defaultConfigurationIsVisible = 0;
			defaultConfigurationName = Release;
		};
		8E0F7C2926AE73D8004A5D23 /* Build configuration list for PBXNativeTarget "Peek-a-Book" */ = {
			isa = XCConfigurationList;
			buildConfigurations = (
				8E0F7C2A26AE73D8004A5D23 /* Debug */,
				8E0F7C2B26AE73D8004A5D23 /* Release */,
			);
			defaultConfigurationIsVisible = 0;
			defaultConfigurationName = Release;
		};
/* End XCConfigurationList section */
	};
	rootObject = 8E0F7C0D26AE73D7004A5D23 /* Project object */;
}
